schema: '2.0'
stages:
  load_data:
    cmd: python src/stage_o1_load_save.py --config=config/config.yaml
    deps:
    - path: config/config.yaml
      md5: d5c15ac5cc2c781954840d8872ca3236
      size: 208
    - path: src/stage_o1_load_save.py
      md5: 998da4efb6199149cca3afd2510f6f6d
      size: 1081
    - path: src/utils/all_utils.py
      md5: 3ab9989648c142ea3a230a4f203e2e06
      size: 347
    outs:
    - path: artifacts\raw_local_dir\data.csv
      md5: 7d814a1bda02145efe703f4e1c01847a
      size: 93599
